
Microsoft Visual Studio Solution File, Format Version 12.00
# Visual Studio Version 17
VisualStudioVersion = 17.6.33829.357
MinimumVisualStudioVersion = 10.0.40219.1
Project("{FAE04EC0-301F-11D3-BF4B-00C04F79EFBC}") = "merge_cad", "merge_cad.csproj", "{FE942E3F-BA8D-4F6C-A0D4-5F6310F39068}"
EndProject
Global
	GlobalSection(SolutionConfigurationPlatforms) = preSolution
		Debug|Any CPU = Debug|Any CPU
		Release|Any CPU = Release|Any CPU
	EndGlobalSection
	GlobalSection(ProjectConfigurationPlatforms) = postSolution
		{FE942E3F-BA8D-4F6C-A0D4-5F6310F39068}.Debug|Any CPU.ActiveCfg = Debug|Any CPU
		{FE942E3F-BA8D-4F6C-A0D4-5F6310F39068}.Debug|Any CPU.Build.0 = Debug|Any CPU
		{FE942E3F-BA8D-4F6C-A0D4-5F6310F39068}.Release|Any CPU.ActiveCfg = Release|Any CPU
		{FE942E3F-BA8D-4F6C-A0D4-5F6310F39068}.Release|Any CPU.Build.0 = Release|Any CPU
	EndGlobalSection
	GlobalSection(SolutionProperties) = preSolution
		HideSolutionNode = FALSE
	EndGlobalSection
	GlobalSection(ExtensibilityGlobals) = postSolution
		SolutionGuid = {38E07346-F3F8-4D00-922D-8CD768E67F1B}
	EndGlobalSection
EndGlobal
